
Microsoft Visual Studio Solution File, Format Version 12.00
# Visual Studio Version 16
VisualStudioVersion = 16.0.31515.178
MinimumVisualStudioVersion = 10.0.40219.1
Project("{FAE04EC0-301F-11D3-BF4B-00C04F79EFBC}") = "MazeSolver", "MazeSolver\MazeSolver.csproj", "{41CA5D41-368B-4BE6-874A-B917BE4152CA}"
EndProject
Global
	GlobalSection(SolutionConfigurationPlatforms) = preSolution
		Debug|Any CPU = Debug|Any CPU
		Release|Any CPU = Release|Any CPU
	EndGlobalSection
	GlobalSection(ProjectConfigurationPlatforms) = postSolution
		{41CA5D41-368B-4BE6-874A-B917BE4152CA}.Debug|Any CPU.ActiveCfg = Debug|Any CPU
		{41CA5D41-368B-4BE6-874A-B917BE4152CA}.Debug|Any CPU.Build.0 = Debug|Any CPU
		{41CA5D41-368B-4BE6-874A-B917BE4152CA}.Release|Any CPU.ActiveCfg = Release|Any CPU
		{41CA5D41-368B-4BE6-874A-B917BE4152CA}.Release|Any CPU.Build.0 = Release|Any CPU
	EndGlobalSection
	GlobalSection(SolutionProperties) = preSolution
		HideSolutionNode = FALSE
	EndGlobalSection
	GlobalSection(ExtensibilityGlobals) = postSolution
		SolutionGuid = {7BDDF214-4C36-4928-B3CD-C1052B743473}
	EndGlobalSection
EndGlobal
